
Microsoft Visual Studio Solution File, Format Version 12.00
# Visual Studio Express 2013 for Web
VisualStudioVersion = 12.0.40629.0
MinimumVisualStudioVersion = 10.0.40219.1
Project("{FAE04EC0-301F-11D3-BF4B-00C04F79EFBC}") = "MvcCuartoDia_Lab2", "MvcCuartoDia_Lab2\MvcCuartoDia_Lab2.csproj", "{4C2F077F-3C2E-4E3D-89BB-BB6050B8DE04}"
EndProject
Global
	GlobalSection(SolutionConfigurationPlatforms) = preSolution
		Debug|Any CPU = Debug|Any CPU
		Release|Any CPU = Release|Any CPU
	EndGlobalSection
	GlobalSection(ProjectConfigurationPlatforms) = postSolution
		{4C2F077F-3C2E-4E3D-89BB-BB6050B8DE04}.Debug|Any CPU.ActiveCfg = Debug|Any CPU
		{4C2F077F-3C2E-4E3D-89BB-BB6050B8DE04}.Debug|Any CPU.Build.0 = Debug|Any CPU
		{4C2F077F-3C2E-4E3D-89BB-BB6050B8DE04}.Release|Any CPU.ActiveCfg = Release|Any CPU
		{4C2F077F-3C2E-4E3D-89BB-BB6050B8DE04}.Release|Any CPU.Build.0 = Release|Any CPU
	EndGlobalSection
	GlobalSection(SolutionProperties) = preSolution
		HideSolutionNode = FALSE
	EndGlobalSection
EndGlobal
